
Microsoft Visual Studio Solution File, Format Version 12.00
# Visual Studio Version 17
VisualStudioVersion = 17.8.34525.116
MinimumVisualStudioVersion = 10.0.40219.1
Project("{9A19103F-16F7-4668-BE54-9A1E7A4F7556}") = "DataAccess", "DataAccess\DataAccess.csproj", "{9FCC5A6C-EF41-4F98-9817-DA770E2D6AA8}"
EndProject
Project("{9A19103F-16F7-4668-BE54-9A1E7A4F7556}") = "Business", "Business\Business.csproj", "{771C695F-1568-46B4-89E2-333EF2AA5A5E}"
EndProject
Project("{9A19103F-16F7-4668-BE54-9A1E7A4F7556}") = "Entities", "Entities\Entities.csproj", "{C6018073-2323-46A2-A376-61FABEA357A3}"
EndProject
Project("{FAE04EC0-301F-11D3-BF4B-00C04F79EFBC}") = "console", "console\console.csproj", "{D8AC5BE7-0A27-489B-B6D0-21F0BE1E6BB2}"
EndProject
Global
	GlobalSection(SolutionConfigurationPlatforms) = preSolution
		Debug|Any CPU = Debug|Any CPU
		Release|Any CPU = Release|Any CPU
	EndGlobalSection
	GlobalSection(ProjectConfigurationPlatforms) = postSolution
		{9FCC5A6C-EF41-4F98-9817-DA770E2D6AA8}.Debug|Any CPU.ActiveCfg = Debug|Any CPU
		{9FCC5A6C-EF41-4F98-9817-DA770E2D6AA8}.Debug|Any CPU.Build.0 = Debug|Any CPU
		{9FCC5A6C-EF41-4F98-9817-DA770E2D6AA8}.Release|Any CPU.ActiveCfg = Release|Any CPU
		{9FCC5A6C-EF41-4F98-9817-DA770E2D6AA8}.Release|Any CPU.Build.0 = Release|Any CPU
		{771C695F-1568-46B4-89E2-333EF2AA5A5E}.Debug|Any CPU.ActiveCfg = Debug|Any CPU
		{771C695F-1568-46B4-89E2-333EF2AA5A5E}.Debug|Any CPU.Build.0 = Debug|Any CPU
		{771C695F-1568-46B4-89E2-333EF2AA5A5E}.Release|Any CPU.ActiveCfg = Release|Any CPU
		{771C695F-1568-46B4-89E2-333EF2AA5A5E}.Release|Any CPU.Build.0 = Release|Any CPU
		{C6018073-2323-46A2-A376-61FABEA357A3}.Debug|Any CPU.ActiveCfg = Debug|Any CPU
		{C6018073-2323-46A2-A376-61FABEA357A3}.Debug|Any CPU.Build.0 = Debug|Any CPU
		{C6018073-2323-46A2-A376-61FABEA357A3}.Release|Any CPU.ActiveCfg = Release|Any CPU
		{C6018073-2323-46A2-A376-61FABEA357A3}.Release|Any CPU.Build.0 = Release|Any CPU
		{D8AC5BE7-0A27-489B-B6D0-21F0BE1E6BB2}.Debug|Any CPU.ActiveCfg = Debug|Any CPU
		{D8AC5BE7-0A27-489B-B6D0-21F0BE1E6BB2}.Debug|Any CPU.Build.0 = Debug|Any CPU
		{D8AC5BE7-0A27-489B-B6D0-21F0BE1E6BB2}.Release|Any CPU.ActiveCfg = Release|Any CPU
		{D8AC5BE7-0A27-489B-B6D0-21F0BE1E6BB2}.Release|Any CPU.Build.0 = Release|Any CPU
	EndGlobalSection
	GlobalSection(SolutionProperties) = preSolution
		HideSolutionNode = FALSE
	EndGlobalSection
	GlobalSection(ExtensibilityGlobals) = postSolution
		SolutionGuid = {28750F45-4EA7-46C9-81FA-38869ACE99C6}
	EndGlobalSection
EndGlobal
